
Microsoft Visual Studio Solution File, Format Version 12.00
# Visual Studio Version 16
VisualStudioVersion = 16.0.30406.217
MinimumVisualStudioVersion = 10.0.40219.1
Project("{9A19103F-16F7-4668-BE54-9A1E7A4F7556}") = "ShoppingListWebApp", "ShoppingListWebApp.csproj", "{6A10D03D-2B52-4CBB-9C67-D9DA745E4258}"
EndProject
Global
	GlobalSection(SolutionConfigurationPlatforms) = preSolution
		Debug|Any CPU = Debug|Any CPU
		Release|Any CPU = Release|Any CPU
	EndGlobalSection
	GlobalSection(ProjectConfigurationPlatforms) = postSolution
		{6A10D03D-2B52-4CBB-9C67-D9DA745E4258}.Debug|Any CPU.ActiveCfg = Debug|Any CPU
		{6A10D03D-2B52-4CBB-9C67-D9DA745E4258}.Debug|Any CPU.Build.0 = Debug|Any CPU
		{6A10D03D-2B52-4CBB-9C67-D9DA745E4258}.Release|Any CPU.ActiveCfg = Release|Any CPU
		{6A10D03D-2B52-4CBB-9C67-D9DA745E4258}.Release|Any CPU.Build.0 = Release|Any CPU
	EndGlobalSection
	GlobalSection(SolutionProperties) = preSolution
		HideSolutionNode = FALSE
	EndGlobalSection
	GlobalSection(ExtensibilityGlobals) = postSolution
		SolutionGuid = {74A8D99C-0A1B-47E3-A5F6-8D7007D6A7A0}
	EndGlobalSection
EndGlobal
